// !$*UTF8*$!
{
	archiveVersion = 1;
	classes = {
	};
	objectVersion = 50;
	objects = {

/* Begin PBXBuildFile section */
		1F04239C2999C424000AC624 /* FCRN.mlmodel in Sources */ = {isa = PBXBuildFile; fileRef = E8201F4722EF1A1D0098B7DB /* FCRN.mlmodel */; };
		1F43CD89298992C700A5E4DA /* WideCameraCaptureOutput.m in Sources */ = {isa = PBXBuildFile; fileRef = 1F43CD88298992C700A5E4DA /* WideCameraCaptureOutput.m */; };
		1F43CD8C2999B86200A5E4DA /* YOLOv3.mlmodel in Sources */ = {isa = PBXBuildFile; fileRef = 1F43CD8B2999B86200A5E4DA /* YOLOv3.mlmodel */; };
		DFEBCEAE290E07B60027B013 /* Prediction.m in Sources */ = {isa = PBXBuildFile; fileRef = DFEBCEAD290E07B60027B013 /* Prediction.m */; };
		E85B07AF2312C5950047D978 /* AppDelegate.m in Sources */ = {isa = PBXBuildFile; fileRef = E85B07AE2312C5950047D978 /* AppDelegate.m */; };
		E85B07B22312C5950047D978 /* SceneDelegate.m in Sources */ = {isa = PBXBuildFile; fileRef = E85B07B12312C5950047D978 /* SceneDelegate.m */; };
		E85B07B52312C5950047D978 /* ViewController.m in Sources */ = {isa = PBXBuildFile; fileRef = E85B07B42312C5950047D978 /* ViewController.m */; };
		E85B07B82312C5950047D978 /* Main.storyboard in Resources */ = {isa = PBXBuildFile; fileRef = E85B07B62312C5950047D978 /* Main.storyboard */; };
		E85B07BA2312C5970047D978 /* Assets.xcassets in Resources */ = {isa = PBXBuildFile; fileRef = E85B07B92312C5970047D978 /* Assets.xcassets */; };
		E85B07BD2312C5970047D978 /* LaunchScreen.storyboard in Resources */ = {isa = PBXBuildFile; fileRef = E85B07BB2312C5970047D978 /* LaunchScreen.storyboard */; };
		E85B07C02312C5970047D978 /* main.m in Sources */ = {isa = PBXBuildFile; fileRef = E85B07BF2312C5970047D978 /* main.m */; };
		E85B07D62312CBA00047D978 /* ImagePlatform.m in Sources */ = {isa = PBXBuildFile; fileRef = E8A7368522ED7D6B00309FD0 /* ImagePlatform.m */; };
		E85B07D82312CBD40047D978 /* DepthPortrait.xmp in Resources */ = {isa = PBXBuildFile; fileRef = E87F8F8822FC735C00E48DB8 /* DepthPortrait.xmp */; };
		E85B07DA2312CBD70047D978 /* Matte.xmp in Resources */ = {isa = PBXBuildFile; fileRef = E87F8F8922FC735C00E48DB8 /* Matte.xmp */; };
		E85B07DC2312CBDA0047D978 /* DepthLandscape.xmp in Resources */ = {isa = PBXBuildFile; fileRef = E87F8F8A22FC735C00E48DB8 /* DepthLandscape.xmp */; };
/* End PBXBuildFile section */

/* Begin PBXFileReference section */
		1F43CD88298992C700A5E4DA /* WideCameraCaptureOutput.m */ = {isa = PBXFileReference; lastKnownFileType = sourcecode.c.objc; path = WideCameraCaptureOutput.m; sourceTree = "<group>"; };
		1F43CD8A298992F300A5E4DA /* WideCameraCaptureOutput.h */ = {isa = PBXFileReference; lastKnownFileType = sourcecode.c.h; path = WideCameraCaptureOutput.h; sourceTree = "<group>"; };
		1F43CD8B2999B86200A5E4DA /* YOLOv3.mlmodel */ = {isa = PBXFileReference; lastKnownFileType = file.mlmodel; path = YOLOv3.mlmodel; sourceTree = "<group>"; };
		DFEBCEA9290E06C80027B013 /* Prediction.h */ = {isa = PBXFileReference; fileEncoding = 4; lastKnownFileType = sourcecode.c.h; path = Prediction.h; sourceTree = "<group>"; };
		DFEBCEAD290E07B60027B013 /* Prediction.m */ = {isa = PBXFileReference; fileEncoding = 4; lastKnownFileType = sourcecode.c.objc; path = Prediction.m; sourceTree = "<group>"; };
		E8201F4722EF1A1D0098B7DB /* FCRN.mlmodel */ = {isa = PBXFileReference; lastKnownFileType = file.mlmodel; path = FCRN.mlmodel; sourceTree = "<group>"; };
		E85B07AB2312C5950047D978 /* testFCRN-iOS.app */ = {isa = PBXFileReference; explicitFileType = wrapper.application; includeInIndex = 0; path = "testFCRN-iOS.app"; sourceTree = BUILT_PRODUCTS_DIR; };
		E85B07AD2312C5950047D978 /* AppDelegate.h */ = {isa = PBXFileReference; lastKnownFileType = sourcecode.c.h; path = AppDelegate.h; sourceTree = "<group>"; };
		E85B07AE2312C5950047D978 /* AppDelegate.m */ = {isa = PBXFileReference; lastKnownFileType = sourcecode.c.objc; path = AppDelegate.m; sourceTree = "<group>"; };
		E85B07B02312C5950047D978 /* SceneDelegate.h */ = {isa = PBXFileReference; lastKnownFileType = sourcecode.c.h; path = SceneDelegate.h; sourceTree = "<group>"; };
		E85B07B12312C5950047D978 /* SceneDelegate.m */ = {isa = PBXFileReference; lastKnownFileType = sourcecode.c.objc; path = SceneDelegate.m; sourceTree = "<group>"; };
		E85B07B32312C5950047D978 /* ViewController.h */ = {isa = PBXFileReference; lastKnownFileType = sourcecode.c.h; path = ViewController.h; sourceTree = "<group>"; };
		E85B07B42312C5950047D978 /* ViewController.m */ = {isa = PBXFileReference; lastKnownFileType = sourcecode.c.objc; path = ViewController.m; sourceTree = "<group>"; };
		E85B07B72312C5950047D978 /* Base */ = {isa = PBXFileReference; lastKnownFileType = file.storyboard; name = Base; path = Base.lproj/Main.storyboard; sourceTree = "<group>"; };
		E85B07B92312C5970047D978 /* Assets.xcassets */ = {isa = PBXFileReference; lastKnownFileType = folder.assetcatalog; path = Assets.xcassets; sourceTree = "<group>"; };
		E85B07BC2312C5970047D978 /* Base */ = {isa = PBXFileReference; lastKnownFileType = file.storyboard; name = Base; path = Base.lproj/LaunchScreen.storyboard; sourceTree = "<group>"; };
		E85B07BE2312C5970047D978 /* Info.plist */ = {isa = PBXFileReference; lastKnownFileType = text.plist.xml; path = Info.plist; sourceTree = "<group>"; };
		E85B07BF2312C5970047D978 /* main.m */ = {isa = PBXFileReference; lastKnownFileType = sourcecode.c.objc; path = main.m; sourceTree = "<group>"; };
		E87F8F8822FC735C00E48DB8 /* DepthPortrait.xmp */ = {isa = PBXFileReference; fileEncoding = 4; lastKnownFileType = text; path = DepthPortrait.xmp; sourceTree = "<group>"; };
		E87F8F8922FC735C00E48DB8 /* Matte.xmp */ = {isa = PBXFileReference; fileEncoding = 4; lastKnownFileType = text; path = Matte.xmp; sourceTree = "<group>"; };
		E87F8F8A22FC735C00E48DB8 /* DepthLandscape.xmp */ = {isa = PBXFileReference; fileEncoding = 4; lastKnownFileType = text; path = DepthLandscape.xmp; sourceTree = "<group>"; };
		E8A7368422ED7D6B00309FD0 /* ImagePlatform.h */ = {isa = PBXFileReference; lastKnownFileType = sourcecode.c.h; path = ImagePlatform.h; sourceTree = "<group>"; };
		E8A7368522ED7D6B00309FD0 /* ImagePlatform.m */ = {isa = PBXFileReference; lastKnownFileType = sourcecode.c.objc; path = ImagePlatform.m; sourceTree = "<group>"; };
		E8A7368722ED7DB600309FD0 /* TargetPlatform.h */ = {isa = PBXFileReference; lastKnownFileType = sourcecode.c.h; path = TargetPlatform.h; sourceTree = "<group>"; };
/* End PBXFileReference section */

/* Begin PBXFrameworksBuildPhase section */
		E85B07A82312C5950047D978 /* Frameworks */ = {
			isa = PBXFrameworksBuildPhase;
			buildActionMask = 2147483647;
			files = (
			);
			runOnlyForDeploymentPostprocessing = 0;
		};
/* End PBXFrameworksBuildPhase section */

/* Begin PBXGroup section */
		E8201F4622EF19FA0098B7DB /* mlmodels */ = {
			isa = PBXGroup;
			children = (
				1F43CD8B2999B86200A5E4DA /* YOLOv3.mlmodel */,
				E8201F4722EF1A1D0098B7DB /* FCRN.mlmodel */,
			);
			name = mlmodels;
			path = ../mlmodels;
			sourceTree = "<group>";
		};
		E8201F4B22EF1B1D0098B7DB /* shared */ = {
			isa = PBXGroup;
			children = (
				E87F8F8722FC735C00E48DB8 /* xmp */,
				E8A7368422ED7D6B00309FD0 /* ImagePlatform.h */,
				E8A7368522ED7D6B00309FD0 /* ImagePlatform.m */,
				E8A7368722ED7DB600309FD0 /* TargetPlatform.h */,
			);
			path = shared;
			sourceTree = "<group>";
		};
		E85B07AC2312C5950047D978 /* iOS */ = {
			isa = PBXGroup;
			children = (
				E85B07AD2312C5950047D978 /* AppDelegate.h */,
				E85B07AE2312C5950047D978 /* AppDelegate.m */,
				E85B07B02312C5950047D978 /* SceneDelegate.h */,
				E85B07B12312C5950047D978 /* SceneDelegate.m */,
				E85B07B32312C5950047D978 /* ViewController.h */,
				E85B07B42312C5950047D978 /* ViewController.m */,
				DFEBCEAD290E07B60027B013 /* Prediction.m */,
				DFEBCEA9290E06C80027B013 /* Prediction.h */,
				E85B07B62312C5950047D978 /* Main.storyboard */,
				E85B07B92312C5970047D978 /* Assets.xcassets */,
				E85B07BB2312C5970047D978 /* LaunchScreen.storyboard */,
				E85B07BE2312C5970047D978 /* Info.plist */,
				E85B07BF2312C5970047D978 /* main.m */,
				1F43CD88298992C700A5E4DA /* WideCameraCaptureOutput.m */,
				1F43CD8A298992F300A5E4DA /* WideCameraCaptureOutput.h */,
			);
			path = iOS;
			sourceTree = "<group>";
		};
		E87F8F8722FC735C00E48DB8 /* xmp */ = {
			isa = PBXGroup;
			children = (
				E87F8F8822FC735C00E48DB8 /* DepthPortrait.xmp */,
				E87F8F8A22FC735C00E48DB8 /* DepthLandscape.xmp */,
				E87F8F8922FC735C00E48DB8 /* Matte.xmp */,
			);
			path = xmp;
			sourceTree = "<group>";
		};
		E8A7365122ED7BE300309FD0 = {
			isa = PBXGroup;
			children = (
				E8A7365C22ED7BE400309FD0 /* testFCRN */,
				E8A7365B22ED7BE400309FD0 /* Products */,
			);
			sourceTree = "<group>";
		};
		E8A7365B22ED7BE400309FD0 /* Products */ = {
			isa = PBXGroup;
			children = (
				E85B07AB2312C5950047D978 /* testFCRN-iOS.app */,
			);
			name = Products;
			sourceTree = "<group>";
		};
		E8A7365C22ED7BE400309FD0 /* testFCRN */ = {
			isa = PBXGroup;
			children = (
				E85B07AC2312C5950047D978 /* iOS */,
				E8201F4B22EF1B1D0098B7DB /* shared */,
				E8201F4622EF19FA0098B7DB /* mlmodels */,
			);
			path = testFCRN;
			sourceTree = "<group>";
		};
/* End PBXGroup section */

/* Begin PBXNativeTarget section */
		E85B07AA2312C5950047D978 /* testFCRN-iOS */ = {
			isa = PBXNativeTarget;
			buildConfigurationList = E85B07C32312C5970047D978 /* Build configuration list for PBXNativeTarget "testFCRN-iOS" */;
			buildPhases = (
				E85B07A72312C5950047D978 /* Sources */,
				E85B07A82312C5950047D978 /* Frameworks */,
				E85B07A92312C5950047D978 /* Resources */,
			);
			buildRules = (
			);
			dependencies = (
			);
			name = "testFCRN-iOS";
			productName = testFCRN;
			productReference = E85B07AB2312C5950047D978 /* testFCRN-iOS.app */;
			productType = "com.apple.product-type.application";
		};
/* End PBXNativeTarget section */

/* Begin PBXProject section */
		E8A7365222ED7BE300309FD0 /* Project object */ = {
			isa = PBXProject;
			attributes = {
				LastUpgradeCheck = 1420;
				ORGANIZATIONNAME = "Doron Adler";
				TargetAttributes = {
					E85B07AA2312C5950047D978 = {
						CreatedOnToolsVersion = 11.0;
					};
				};
			};
			buildConfigurationList = E8A7365522ED7BE300309FD0 /* Build configuration list for PBXProject "testFCRN" */;
			compatibilityVersion = "Xcode 9.3";
			developmentRegion = en;
			hasScannedForEncodings = 0;
			knownRegions = (
				en,
				Base,
			);
			mainGroup = E8A7365122ED7BE300309FD0;
			productRefGroup = E8A7365B22ED7BE400309FD0 /* Products */;
			projectDirPath = "";
			projectRoot = "";
			targets = (
				E85B07AA2312C5950047D978 /* testFCRN-iOS */,
			);
		};
/* End PBXProject section */

/* Begin PBXResourcesBuildPhase section */
		E85B07A92312C5950047D978 /* Resources */ = {
			isa = PBXResourcesBuildPhase;
			buildActionMask = 2147483647;
			files = (
				E85B07BD2312C5970047D978 /* LaunchScreen.storyboard in Resources */,
				E85B07DA2312CBD70047D978 /* Matte.xmp in Resources */,
				E85B07BA2312C5970047D978 /* Assets.xcassets in Resources */,
				E85B07D82312CBD40047D978 /* DepthPortrait.xmp in Resources */,
				E85B07B82312C5950047D978 /* Main.storyboard in Resources */,
				E85B07DC2312CBDA0047D978 /* DepthLandscape.xmp in Resources */,
			);
			runOnlyForDeploymentPostprocessing = 0;
		};
/* End PBXResourcesBuildPhase section */

/* Begin PBXSourcesBuildPhase section */
		E85B07A72312C5950047D978 /* Sources */ = {
			isa = PBXSourcesBuildPhase;
			buildActionMask = 2147483647;
			files = (
				1F04239C2999C424000AC624 /* FCRN.mlmodel in Sources */,
				E85B07D62312CBA00047D978 /* ImagePlatform.m in Sources */,
				DFEBCEAE290E07B60027B013 /* Prediction.m in Sources */,
				1F43CD8C2999B86200A5E4DA /* YOLOv3.mlmodel in Sources */,
				E85B07B52312C5950047D978 /* ViewController.m in Sources */,
				E85B07AF2312C5950047D978 /* AppDelegate.m in Sources */,
				E85B07C02312C5970047D978 /* main.m in Sources */,
				E85B07B22312C5950047D978 /* SceneDelegate.m in Sources */,
				1F43CD89298992C700A5E4DA /* WideCameraCaptureOutput.m in Sources */,
			);
			runOnlyForDeploymentPostprocessing = 0;
		};
/* End PBXSourcesBuildPhase section */

/* Begin PBXVariantGroup section */
		E85B07B62312C5950047D978 /* Main.storyboard */ = {
			isa = PBXVariantGroup;
			children = (
				E85B07B72312C5950047D978 /* Base */,
			);
			name = Main.storyboard;
			sourceTree = "<group>";
		};
		E85B07BB2312C5970047D978 /* LaunchScreen.storyboard */ = {
			isa = PBXVariantGroup;
			children = (
				E85B07BC2312C5970047D978 /* Base */,
			);
			name = LaunchScreen.storyboard;
			sourceTree = "<group>";
		};
/* End PBXVariantGroup section */

/* Begin XCBuildConfiguration section */
		E85B07C12312C5970047D978 /* Debug */ = {
			isa = XCBuildConfiguration;
			buildSettings = {
				ASSETCATALOG_COMPILER_APPICON_NAME = AppIcon;
				CODE_SIGN_IDENTITY = "Apple Development";
				CODE_SIGN_STYLE = Automatic;
				DEVELOPMENT_TEAM = 79HFG57L33;
				GCC_PREPROCESSOR_DEFINITIONS = (
					"DEBUG=1",
					"$(inherited)",
				);
				INFOPLIST_FILE = testFCRN/iOS/Info.plist;
				IPHONEOS_DEPLOYMENT_TARGET = 13.0;
				LD_RUNPATH_SEARCH_PATHS = (
					"$(inherited)",
					"@executable_path/Frameworks",
				);
				MACOSX_DEPLOYMENT_TARGET = "$(RECOMMENDED_MACOSX_DEPLOYMENT_TARGET)";
				ML_MODEL_CLASS_NAME = FCRN;
				ML_MODEL_OBJ_NAME = YOLOv3;
				PRODUCT_BUNDLE_IDENTIFIER = jma.SonicVision;
				PRODUCT_NAME = "$(TARGET_NAME)";
				PROVISIONING_PROFILE_SPECIFIER = "";
				SDKROOT = iphoneos;
				TARGETED_DEVICE_FAMILY = "1,2";
			};
			name = Debug;
		};
		E85B07C22312C5970047D978 /* Release */ = {
			isa = XCBuildConfiguration;
			buildSettings = {
				ASSETCATALOG_COMPILER_APPICON_NAME = AppIcon;
				CODE_SIGN_IDENTITY = "Apple Development";
				CODE_SIGN_STYLE = Automatic;
				DEVELOPMENT_TEAM = 79HFG57L33;
				GCC_PREPROCESSOR_DEFINITIONS = (
					"$(inherited)",
					"ML_MODEL_CLASS_HEADER_STRING=\\\"$(ML_MODEL_CLASS_NAME).h\\\"",
					"ML_MODEL_CLASS=$(ML_MODEL_CLASS_NAME)",
					"ML_MODEL_CLASS_NAME_STRING=@\\\"$(ML_MODEL_CLASS_NAME)\\\"",
					"ML_MODEL_OBJ=$(ML_MODEL_OBJ_NAME)",
					"ML_MODEL_OBJ_NAME_STRING=@\\\"$(ML_MODEL_OBJ_NAME)\\\"",
					"ML_MODEL_OBJ_HEADER_STRING=\\\"$(ML_MODEL_OBJ_NAME).h\\\"",
				);
				INFOPLIST_FILE = testFCRN/iOS/Info.plist;
				IPHONEOS_DEPLOYMENT_TARGET = 13.0;
				LD_RUNPATH_SEARCH_PATHS = (
					"$(inherited)",
					"@executable_path/Frameworks",
				);
				MACOSX_DEPLOYMENT_TARGET = "$(RECOMMENDED_MACOSX_DEPLOYMENT_TARGET)";
				ML_MODEL_CLASS_NAME = FCRN;
				ML_MODEL_OBJ_NAME = YOLOv3;
				PRODUCT_BUNDLE_IDENTIFIER = jma.SonicVision;
				PRODUCT_NAME = "$(TARGET_NAME)";
				PROVISIONING_PROFILE_SPECIFIER = "";
				SDKROOT = iphoneos;
				TARGETED_DEVICE_FAMILY = "1,2";
				VALIDATE_PRODUCT = YES;
			};
			name = Release;
		};
		E8A7366C22ED7BE500309FD0 /* Debug */ = {
			isa = XCBuildConfiguration;
			buildSettings = {
				ALWAYS_SEARCH_USER_PATHS = NO;
				CLANG_ANALYZER_NONNULL = YES;
				CLANG_ANALYZER_NUMBER_OBJECT_CONVERSION = YES_AGGRESSIVE;
				CLANG_CXX_LANGUAGE_STANDARD = "gnu++14";
				CLANG_CXX_LIBRARY = "libc++";
				CLANG_ENABLE_MODULES = YES;
				CLANG_ENABLE_OBJC_ARC = YES;
				CLANG_ENABLE_OBJC_WEAK = YES;
				CLANG_WARN_BLOCK_CAPTURE_AUTORELEASING = YES;
				CLANG_WARN_BOOL_CONVERSION = YES;
				CLANG_WARN_COMMA = YES;
				CLANG_WARN_CONSTANT_CONVERSION = YES;
				CLANG_WARN_DEPRECATED_OBJC_IMPLEMENTATIONS = YES;
				CLANG_WARN_DIRECT_OBJC_ISA_USAGE = YES_ERROR;
				CLANG_WARN_DOCUMENTATION_COMMENTS = YES;
				CLANG_WARN_EMPTY_BODY = YES;
				CLANG_WARN_ENUM_CONVERSION = YES;
				CLANG_WARN_INFINITE_RECURSION = YES;
				CLANG_WARN_INT_CONVERSION = YES;
				CLANG_WARN_NON_LITERAL_NULL_CONVERSION = YES;
				CLANG_WARN_OBJC_IMPLICIT_RETAIN_SELF = YES;
				CLANG_WARN_OBJC_LITERAL_CONVERSION = YES;
				CLANG_WARN_OBJC_ROOT_CLASS = YES_ERROR;
				CLANG_WARN_QUOTED_INCLUDE_IN_FRAMEWORK_HEADER = YES;
				CLANG_WARN_RANGE_LOOP_ANALYSIS = YES;
				CLANG_WARN_STRICT_PROTOTYPES = YES;
				CLANG_WARN_SUSPICIOUS_MOVE = YES;
				CLANG_WARN_UNGUARDED_AVAILABILITY = YES_AGGRESSIVE;
				CLANG_WARN_UNREACHABLE_CODE = YES;
				CLANG_WARN__DUPLICATE_METHOD_MATCH = YES;
				COPY_PHASE_STRIP = NO;
				DEAD_CODE_STRIPPING = YES;
				DEBUG_INFORMATION_FORMAT = dwarf;
				ENABLE_STRICT_OBJC_MSGSEND = YES;
				ENABLE_TESTABILITY = YES;
				GCC_C_LANGUAGE_STANDARD = gnu11;
				GCC_DYNAMIC_NO_PIC = NO;
				GCC_NO_COMMON_BLOCKS = YES;
				GCC_OPTIMIZATION_LEVEL = 0;
				GCC_PREPROCESSOR_DEFINITIONS = (
					"DEBUG=1",
					"$(inherited)",
					"ML_MODEL_CLASS_HEADER_STRING=\\\"$(ML_MODEL_CLASS_NAME).h\\\"",
					"ML_MODEL_CLASS_NAME_STRING=@\\\"$(ML_MODEL_CLASS_NAME)\\\"",
					"ML_MODEL_CLASS=$(ML_MODEL_CLASS_NAME)",
					"ML_MODEL_OBJ=$(ML_MODEL_OBJ_NAME)",
					"ML_MODEL_OBJ_NAME_STRING=@\\\"$(ML_MODEL_OBJ_NAME)\\\"",
					"ML_MODEL_OBJ_HEADER_STRING=\\\"$(ML_MODEL_OBJ_NAME).h\\\"",
				);
				GCC_WARN_64_TO_32_BIT_CONVERSION = YES;
				GCC_WARN_ABOUT_RETURN_TYPE = YES_ERROR;
				GCC_WARN_UNDECLARED_SELECTOR = YES;
				GCC_WARN_UNINITIALIZED_AUTOS = YES_AGGRESSIVE;
				GCC_WARN_UNUSED_FUNCTION = YES;
				GCC_WARN_UNUSED_VARIABLE = YES;
				MACOSX_DEPLOYMENT_TARGET = 10.13.2;
				ML_MODEL_CLASS_NAME = FCRN;
				MTL_ENABLE_DEBUG_INFO = INCLUDE_SOURCE;
				MTL_FAST_MATH = YES;
				ONLY_ACTIVE_ARCH = YES;
				SDKROOT = macosx;
			};
			name = Debug;
		};
		E8A7366D22ED7BE500309FD0 /* Release */ = {
			isa = XCBuildConfiguration;
			buildSettings = {
				ALWAYS_SEARCH_USER_PATHS = NO;
				CLANG_ANALYZER_NONNULL = YES;
				CLANG_ANALYZER_NUMBER_OBJECT_CONVERSION = YES_AGGRESSIVE;
				CLANG_CXX_LANGUAGE_STANDARD = "gnu++14";
				CLANG_CXX_LIBRARY = "libc++";
				CLANG_ENABLE_MODULES = YES;
				CLANG_ENABLE_OBJC_ARC = YES;
				CLANG_ENABLE_OBJC_WEAK = YES;
				CLANG_WARN_BLOCK_CAPTURE_AUTORELEASING = YES;
				CLANG_WARN_BOOL_CONVERSION = YES;
				CLANG_WARN_COMMA = YES;
				CLANG_WARN_CONSTANT_CONVERSION = YES;
				CLANG_WARN_DEPRECATED_OBJC_IMPLEMENTATIONS = YES;
				CLANG_WARN_DIRECT_OBJC_ISA_USAGE = YES_ERROR;
				CLANG_WARN_DOCUMENTATION_COMMENTS = YES;
				CLANG_WARN_EMPTY_BODY = YES;
				CLANG_WARN_ENUM_CONVERSION = YES;
				CLANG_WARN_INFINITE_RECURSION = YES;
				CLANG_WARN_INT_CONVERSION = YES;
				CLANG_WARN_NON_LITERAL_NULL_CONVERSION = YES;
				CLANG_WARN_OBJC_IMPLICIT_RETAIN_SELF = YES;
				CLANG_WARN_OBJC_LITERAL_CONVERSION = YES;
				CLANG_WARN_OBJC_ROOT_CLASS = YES_ERROR;
				CLANG_WARN_QUOTED_INCLUDE_IN_FRAMEWORK_HEADER = YES;
				CLANG_WARN_RANGE_LOOP_ANALYSIS = YES;
				CLANG_WARN_STRICT_PROTOTYPES = YES;
				CLANG_WARN_SUSPICIOUS_MOVE = YES;
				CLANG_WARN_UNGUARDED_AVAILABILITY = YES_AGGRESSIVE;
				CLANG_WARN_UNREACHABLE_CODE = YES;
				CLANG_WARN__DUPLICATE_METHOD_MATCH = YES;
				COPY_PHASE_STRIP = NO;
				DEAD_CODE_STRIPPING = YES;
				DEBUG_INFORMATION_FORMAT = "dwarf-with-dsym";
				ENABLE_NS_ASSERTIONS = NO;
				ENABLE_STRICT_OBJC_MSGSEND = YES;
				GCC_C_LANGUAGE_STANDARD = gnu11;
				GCC_NO_COMMON_BLOCKS = YES;
				GCC_PREPROCESSOR_DEFINITIONS = (
					"$(inherited)",
					"ML_MODEL_CLASS_HEADER_STRING=\\\"$(ML_MODEL_CLASS_NAME).h\\\"",
					"ML_MODEL_CLASS=$(ML_MODEL_CLASS_NAME)",
					"ML_MODEL_CLASS_NAME_STRING=@\\\"$(ML_MODEL_CLASS_NAME)\\\"",
				);
				GCC_WARN_64_TO_32_BIT_CONVERSION = YES;
				GCC_WARN_ABOUT_RETURN_TYPE = YES_ERROR;
				GCC_WARN_UNDECLARED_SELECTOR = YES;
				GCC_WARN_UNINITIALIZED_AUTOS = YES_AGGRESSIVE;
				GCC_WARN_UNUSED_FUNCTION = YES;
				GCC_WARN_UNUSED_VARIABLE = YES;
				MACOSX_DEPLOYMENT_TARGET = 10.13.2;
				ML_MODEL_CLASS_NAME = FCRN;
				MTL_ENABLE_DEBUG_INFO = NO;
				MTL_FAST_MATH = YES;
				SDKROOT = macosx;
			};
			name = Release;
		};
/* End XCBuildConfiguration section */

/* Begin XCConfigurationList section */
		E85B07C32312C5970047D978 /* Build configuration list for PBXNativeTarget "testFCRN-iOS" */ = {
			isa = XCConfigurationList;
			buildConfigurations = (
				E85B07C12312C5970047D978 /* Debug */,
				E85B07C22312C5970047D978 /* Release */,
			);
			defaultConfigurationIsVisible = 0;
			defaultConfigurationName = Release;
		};
		E8A7365522ED7BE300309FD0 /* Build configuration list for PBXProject "testFCRN" */ = {
			isa = XCConfigurationList;
			buildConfigurations = (
				E8A7366C22ED7BE500309FD0 /* Debug */,
				E8A7366D22ED7BE500309FD0 /* Release */,
			);
			defaultConfigurationIsVisible = 0;
			defaultConfigurationName = Release;
		};
/* End XCConfigurationList section */
	};
	rootObject = E8A7365222ED7BE300309FD0 /* Project object */;
}
